// !$*UTF8*$!
{
	archiveVersion = 1;
	classes = {
	};
	objectVersion = 48;
	objects = {

/* Begin PBXBuildFile section */
		CA941E841F93C50900331F3A /* main.c in Sources */ = {isa = PBXBuildFile; fileRef = CA941E7D1F93C50800331F3A /* main.c */; };
		CA941E851F93C50900331F3A /* initShader.c in Sources */ = {isa = PBXBuildFile; fileRef = CA941E811F93C50900331F3A /* initShader.c */; };
		CA941E861F93C50900331F3A /* funct.c in Sources */ = {isa = PBXBuildFile; fileRef = CA941E831F93C50900331F3A /* funct.c */; };
		CA941E891F93C51200331F3A /* GLUT.framework in Frameworks */ = {isa = PBXBuildFile; fileRef = CA941E881F93C51200331F3A /* GLUT.framework */; };
		CA941E8B1F93C51700331F3A /* OpenGL.framework in Frameworks */ = {isa = PBXBuildFile; fileRef = CA941E8A1F93C51700331F3A /* OpenGL.framework */; };
		CA941E901F93CAF900331F3A /* genMaze.c in Sources */ = {isa = PBXBuildFile; fileRef = CA941E8F1F93CAF900331F3A /* genMaze.c */; };
/* End PBXBuildFile section */

/* Begin PBXCopyFilesBuildPhase section */
		CAB7C8D31F93BEE500372971 /* CopyFiles */ = {
			isa = PBXCopyFilesBuildPhase;
			buildActionMask = 2147483647;
			dstPath = /usr/share/man/man1/;
			dstSubfolderSpec = 0;
			files = (
			);
			runOnlyForDeploymentPostprocessing = 1;
		};
/* End PBXCopyFilesBuildPhase section */

/* Begin PBXFileReference section */
		CA941E7D1F93C50800331F3A /* main.c */ = {isa = PBXFileReference; fileEncoding = 4; lastKnownFileType = sourcecode.c.c; path = main.c; sourceTree = "<group>"; };
		CA941E7E1F93C50800331F3A /* funct.h */ = {isa = PBXFileReference; fileEncoding = 4; lastKnownFileType = sourcecode.c.h; path = funct.h; sourceTree = "<group>"; };
		CA941E7F1F93C50800331F3A /* initShader.h */ = {isa = PBXFileReference; fileEncoding = 4; lastKnownFileType = sourcecode.c.h; path = initShader.h; sourceTree = "<group>"; };
		CA941E801F93C50900331F3A /* vshader.glsl */ = {isa = PBXFileReference; fileEncoding = 4; lastKnownFileType = text; path = vshader.glsl; sourceTree = "<group>"; };
		CA941E811F93C50900331F3A /* initShader.c */ = {isa = PBXFileReference; fileEncoding = 4; lastKnownFileType = sourcecode.c.c; path = initShader.c; sourceTree = "<group>"; };
		CA941E821F93C50900331F3A /* fshader.glsl */ = {isa = PBXFileReference; fileEncoding = 4; lastKnownFileType = text; path = fshader.glsl; sourceTree = "<group>"; };
		CA941E831F93C50900331F3A /* funct.c */ = {isa = PBXFileReference; fileEncoding = 4; lastKnownFileType = sourcecode.c.c; path = funct.c; sourceTree = "<group>"; };
		CA941E881F93C51200331F3A /* GLUT.framework */ = {isa = PBXFileReference; lastKnownFileType = wrapper.framework; name = GLUT.framework; path = System/Library/Frameworks/GLUT.framework; sourceTree = SDKROOT; };
		CA941E8A1F93C51700331F3A /* OpenGL.framework */ = {isa = PBXFileReference; lastKnownFileType = wrapper.framework; name = OpenGL.framework; path = System/Library/Frameworks/OpenGL.framework; sourceTree = SDKROOT; };
		CA941E8C1F93C5E500331F3A /* vshader.glsl */ = {isa = PBXFileReference; fileEncoding = 4; lastKnownFileType = text; name = vshader.glsl; path = "../../../../../../Library/Developer/Xcode/DerivedData/Project_2-fqmnaysfodxyymdgvtrdsafvqhio/Build/Products/Debug/vshader.glsl"; sourceTree = "<group>"; };
		CA941E8D1F93C5E500331F3A /* fshader.glsl */ = {isa = PBXFileReference; fileEncoding = 4; lastKnownFileType = text; name = fshader.glsl; path = "../../../../../../Library/Developer/Xcode/DerivedData/Project_2-fqmnaysfodxyymdgvtrdsafvqhio/Build/Products/Debug/fshader.glsl"; sourceTree = "<group>"; };
		CA941E8E1F93CAF900331F3A /* genMaze.h */ = {isa = PBXFileReference; lastKnownFileType = sourcecode.c.h; path = genMaze.h; sourceTree = "<group>"; };
		CA941E8F1F93CAF900331F3A /* genMaze.c */ = {isa = PBXFileReference; lastKnownFileType = sourcecode.c.c; path = genMaze.c; sourceTree = "<group>"; };
		CAB7C8D51F93BEE500372971 /* Project_2 */ = {isa = PBXFileReference; explicitFileType = "compiled.mach-o.executable"; includeInIndex = 0; path = Project_2; sourceTree = BUILT_PRODUCTS_DIR; };
/* End PBXFileReference section */

/* Begin PBXFrameworksBuildPhase section */
		CAB7C8D21F93BEE500372971 /* Frameworks */ = {
			isa = PBXFrameworksBuildPhase;
			buildActionMask = 2147483647;
			files = (
				CA941E8B1F93C51700331F3A /* OpenGL.framework in Frameworks */,
				CA941E891F93C51200331F3A /* GLUT.framework in Frameworks */,
			);
			runOnlyForDeploymentPostprocessing = 0;
		};
/* End PBXFrameworksBuildPhase section */

/* Begin PBXGroup section */
		CA941E871F93C51200331F3A /* Frameworks */ = {
			isa = PBXGroup;
			children = (
				CA941E8A1F93C51700331F3A /* OpenGL.framework */,
				CA941E881F93C51200331F3A /* GLUT.framework */,
			);
			name = Frameworks;
			sourceTree = "<group>";
		};
		CAB7C8CC1F93BEE500372971 = {
			isa = PBXGroup;
			children = (
				CA941E8E1F93CAF900331F3A /* genMaze.h */,
				CA941E8F1F93CAF900331F3A /* genMaze.c */,
				CA941E821F93C50900331F3A /* fshader.glsl */,
				CA941E831F93C50900331F3A /* funct.c */,
				CA941E7E1F93C50800331F3A /* funct.h */,
				CA941E811F93C50900331F3A /* initShader.c */,
				CA941E7F1F93C50800331F3A /* initShader.h */,
				CA941E7D1F93C50800331F3A /* main.c */,
				CA941E8D1F93C5E500331F3A /* fshader.glsl */,
				CA941E801F93C50900331F3A /* vshader.glsl */,
				CAB7C8D61F93BEE500372971 /* Products */,
				CA941E8C1F93C5E500331F3A /* vshader.glsl */,
				CA941E871F93C51200331F3A /* Frameworks */,
			);
			sourceTree = "<group>";
		};
		CAB7C8D61F93BEE500372971 /* Products */ = {
			isa = PBXGroup;
			children = (
				CAB7C8D51F93BEE500372971 /* Project_2 */,
			);
			name = Products;
			sourceTree = "<group>";
		};
/* End PBXGroup section */

/* Begin PBXNativeTarget section */
		CAB7C8D41F93BEE500372971 /* Project_2 */ = {
			isa = PBXNativeTarget;
			buildConfigurationList = CAB7C8DC1F93BEE500372971 /* Build configuration list for PBXNativeTarget "Project_2" */;
			buildPhases = (
				CAB7C8D11F93BEE500372971 /* Sources */,
				CAB7C8D21F93BEE500372971 /* Frameworks */,
				CAB7C8D31F93BEE500372971 /* CopyFiles */,
			);
			buildRules = (
			);
			dependencies = (
			);
			name = Project_2;
			productName = Project_2;
			productReference = CAB7C8D51F93BEE500372971 /* Project_2 */;
			productType = "com.apple.product-type.tool";
		};
/* End PBXNativeTarget section */

/* Begin PBXProject section */
		CAB7C8CD1F93BEE500372971 /* Project object */ = {
			isa = PBXProject;
			attributes = {
				LastUpgradeCheck = 0900;
				ORGANIZATIONNAME = "Alessio Mazzone";
				TargetAttributes = {
					CAB7C8D41F93BEE500372971 = {
						CreatedOnToolsVersion = 9.0;
						ProvisioningStyle = Automatic;
					};
				};
			};
			buildConfigurationList = CAB7C8D01F93BEE500372971 /* Build configuration list for PBXProject "Project_2" */;
			compatibilityVersion = "Xcode 8.0";
			developmentRegion = en;
			hasScannedForEncodings = 0;
			knownRegions = (
				en,
			);
			mainGroup = CAB7C8CC1F93BEE500372971;
			productRefGroup = CAB7C8D61F93BEE500372971 /* Products */;
			projectDirPath = "";
			projectRoot = "";
			targets = (
				CAB7C8D41F93BEE500372971 /* Project_2 */,
			);
		};
/* End PBXProject section */

/* Begin PBXSourcesBuildPhase section */
		CAB7C8D11F93BEE500372971 /* Sources */ = {
			isa = PBXSourcesBuildPhase;
			buildActionMask = 2147483647;
			files = (
				CA941E861F93C50900331F3A /* funct.c in Sources */,
				CA941E901F93CAF900331F3A /* genMaze.c in Sources */,
				CA941E851F93C50900331F3A /* initShader.c in Sources */,
				CA941E841F93C50900331F3A /* main.c in Sources */,
			);
			runOnlyForDeploymentPostprocessing = 0;
		};
/* End PBXSourcesBuildPhase section */

/* Begin XCBuildConfiguration section */
		CAB7C8DA1F93BEE500372971 /* Debug */ = {
			isa = XCBuildConfiguration;
			buildSettings = {
				ALWAYS_SEARCH_USER_PATHS = NO;
				CLANG_ANALYZER_NONNULL = YES;
				CLANG_ANALYZER_NUMBER_OBJECT_CONVERSION = YES_AGGRESSIVE;
				CLANG_CXX_LANGUAGE_STANDARD = "gnu++14";
				CLANG_CXX_LIBRARY = "libc++";
				CLANG_ENABLE_MODULES = YES;
				CLANG_ENABLE_OBJC_ARC = YES;
				CLANG_WARN_BLOCK_CAPTURE_AUTORELEASING = YES;
				CLANG_WARN_BOOL_CONVERSION = YES;
				CLANG_WARN_COMMA = YES;
				CLANG_WARN_CONSTANT_CONVERSION = YES;
				CLANG_WARN_DIRECT_OBJC_ISA_USAGE = YES_ERROR;
				CLANG_WARN_DOCUMENTATION_COMMENTS = YES;
				CLANG_WARN_EMPTY_BODY = YES;
				CLANG_WARN_ENUM_CONVERSION = YES;
				CLANG_WARN_INFINITE_RECURSION = YES;
				CLANG_WARN_INT_CONVERSION = YES;
				CLANG_WARN_NON_LITERAL_NULL_CONVERSION = YES;
				CLANG_WARN_OBJC_LITERAL_CONVERSION = YES;
				CLANG_WARN_OBJC_ROOT_CLASS = YES_ERROR;
				CLANG_WARN_RANGE_LOOP_ANALYSIS = YES;
				CLANG_WARN_STRICT_PROTOTYPES = YES;
				CLANG_WARN_SUSPICIOUS_MOVE = YES;
				CLANG_WARN_UNGUARDED_AVAILABILITY = YES_AGGRESSIVE;
				CLANG_WARN_UNREACHABLE_CODE = YES;
				CLANG_WARN__DUPLICATE_METHOD_MATCH = YES;
				CODE_SIGN_IDENTITY = "-";
				COPY_PHASE_STRIP = NO;
				DEBUG_INFORMATION_FORMAT = dwarf;
				ENABLE_STRICT_OBJC_MSGSEND = YES;
				ENABLE_TESTABILITY = YES;
				GCC_C_LANGUAGE_STANDARD = gnu11;
				GCC_DYNAMIC_NO_PIC = NO;
				GCC_NO_COMMON_BLOCKS = YES;
				GCC_OPTIMIZATION_LEVEL = 0;
				GCC_PREPROCESSOR_DEFINITIONS = (
					"DEBUG=1",
					"$(inherited)",
				);
				GCC_WARN_64_TO_32_BIT_CONVERSION = YES;
				GCC_WARN_ABOUT_RETURN_TYPE = YES_ERROR;
				GCC_WARN_UNDECLARED_SELECTOR = YES;
				GCC_WARN_UNINITIALIZED_AUTOS = YES_AGGRESSIVE;
				GCC_WARN_UNUSED_FUNCTION = YES;
				GCC_WARN_UNUSED_VARIABLE = YES;
				MACOSX_DEPLOYMENT_TARGET = 10.13;
				MTL_ENABLE_DEBUG_INFO = YES;
				ONLY_ACTIVE_ARCH = YES;
				SDKROOT = macosx;
			};
			name = Debug;
		};
		CAB7C8DB1F93BEE500372971 /* Release */ = {
			isa = XCBuildConfiguration;
			buildSettings = {
				ALWAYS_SEARCH_USER_PATHS = NO;
				CLANG_ANALYZER_NONNULL = YES;
				CLANG_ANALYZER_NUMBER_OBJECT_CONVERSION = YES_AGGRESSIVE;
				CLANG_CXX_LANGUAGE_STANDARD = "gnu++14";
				CLANG_CXX_LIBRARY = "libc++";
				CLANG_ENABLE_MODULES = YES;
				CLANG_ENABLE_OBJC_ARC = YES;
				CLANG_WARN_BLOCK_CAPTURE_AUTORELEASING = YES;
				CLANG_WARN_BOOL_CONVERSION = YES;
				CLANG_WARN_COMMA = YES;
				CLANG_WARN_CONSTANT_CONVERSION = YES;
				CLANG_WARN_DIRECT_OBJC_ISA_USAGE = YES_ERROR;
				CLANG_WARN_DOCUMENTATION_COMMENTS = YES;
				CLANG_WARN_EMPTY_BODY = YES;
				CLANG_WARN_ENUM_CONVERSION = YES;
				CLANG_WARN_INFINITE_RECURSION = YES;
				CLANG_WARN_INT_CONVERSION = YES;
				CLANG_WARN_NON_LITERAL_NULL_CONVERSION = YES;
				CLANG_WARN_OBJC_LITERAL_CONVERSION = YES;
				CLANG_WARN_OBJC_ROOT_CLASS = YES_ERROR;
				CLANG_WARN_RANGE_LOOP_ANALYSIS = YES;
				CLANG_WARN_STRICT_PROTOTYPES = YES;
				CLANG_WARN_SUSPICIOUS_MOVE = YES;
				CLANG_WARN_UNGUARDED_AVAILABILITY = YES_AGGRESSIVE;
				CLANG_WARN_UNREACHABLE_CODE = YES;
				CLANG_WARN__DUPLICATE_METHOD_MATCH = YES;
				CODE_SIGN_IDENTITY = "-";
				COPY_PHASE_STRIP = NO;
				DEBUG_INFORMATION_FORMAT = "dwarf-with-dsym";
				ENABLE_NS_ASSERTIONS = NO;
				ENABLE_STRICT_OBJC_MSGSEND = YES;
				GCC_C_LANGUAGE_STANDARD = gnu11;
				GCC_NO_COMMON_BLOCKS = YES;
				GCC_WARN_64_TO_32_BIT_CONVERSION = YES;
				GCC_WARN_ABOUT_RETURN_TYPE = YES_ERROR;
				GCC_WARN_UNDECLARED_SELECTOR = YES;
				GCC_WARN_UNINITIALIZED_AUTOS = YES_AGGRESSIVE;
				GCC_WARN_UNUSED_FUNCTION = YES;
				GCC_WARN_UNUSED_VARIABLE = YES;
				MACOSX_DEPLOYMENT_TARGET = 10.13;
				MTL_ENABLE_DEBUG_INFO = NO;
				SDKROOT = macosx;
			};
			name = Release;
		};
		CAB7C8DD1F93BEE500372971 /* Debug */ = {
			isa = XCBuildConfiguration;
			buildSettings = {
				CODE_SIGN_STYLE = Automatic;
				HEADER_SEARCH_PATHS = /opt/local/include/;
				LIBRARY_SEARCH_PATHS = /opt/local/lib/;
				OTHER_LDFLAGS = "-lGLEW";
				PRODUCT_NAME = "$(TARGET_NAME)";
			};
			name = Debug;
		};
		CAB7C8DE1F93BEE500372971 /* Release */ = {
			isa = XCBuildConfiguration;
			buildSettings = {
				CODE_SIGN_STYLE = Automatic;
				HEADER_SEARCH_PATHS = /opt/local/include/;
				LIBRARY_SEARCH_PATHS = /opt/local/lib/;
				OTHER_LDFLAGS = "-lGLEW";
				PRODUCT_NAME = "$(TARGET_NAME)";
			};
			name = Release;
		};
/* End XCBuildConfiguration section */

/* Begin XCConfigurationList section */
		CAB7C8D01F93BEE500372971 /* Build configuration list for PBXProject "Project_2" */ = {
			isa = XCConfigurationList;
			buildConfigurations = (
				CAB7C8DA1F93BEE500372971 /* Debug */,
				CAB7C8DB1F93BEE500372971 /* Release */,
			);
			defaultConfigurationIsVisible = 0;
			defaultConfigurationName = Release;
		};
		CAB7C8DC1F93BEE500372971 /* Build configuration list for PBXNativeTarget "Project_2" */ = {
			isa = XCConfigurationList;
			buildConfigurations = (
				CAB7C8DD1F93BEE500372971 /* Debug */,
				CAB7C8DE1F93BEE500372971 /* Release */,
			);
			defaultConfigurationIsVisible = 0;
			defaultConfigurationName = Release;
		};
/* End XCConfigurationList section */
	};
	rootObject = CAB7C8CD1F93BEE500372971 /* Project object */;
}
